// !$*UTF8*$!
{
	archiveVersion = 1;
	classes = {
	};
	objectVersion = 50;
	objects = {

/* Begin PBXBuildFile section */
		171D6E9E24922D0E001FF205 /* AppDelegate.swift in Sources */ = {isa = PBXBuildFile; fileRef = 171D6E9D24922D0E001FF205 /* AppDelegate.swift */; };
		171D6EA524922D0E001FF205 /* Main.storyboard in Resources */ = {isa = PBXBuildFile; fileRef = 171D6EA324922D0E001FF205 /* Main.storyboard */; };
		171D6EA724922D12001FF205 /* Assets.xcassets in Resources */ = {isa = PBXBuildFile; fileRef = 171D6EA624922D12001FF205 /* Assets.xcassets */; };
		171D6EAA24922D12001FF205 /* LaunchScreen.storyboard in Resources */ = {isa = PBXBuildFile; fileRef = 171D6EA824922D12001FF205 /* LaunchScreen.storyboard */; };
		1782C95724EA2BF9008FE4CC /* MainViewController.swift in Sources */ = {isa = PBXBuildFile; fileRef = 1782C95624EA2BF9008FE4CC /* MainViewController.swift */; };
		1782C96024EA56C8008FE4CC /* EasyListCell.swift in Sources */ = {isa = PBXBuildFile; fileRef = 1782C95F24EA56C8008FE4CC /* EasyListCell.swift */; };
		1782C96224EA6335008FE4CC /* FormListController.swift in Sources */ = {isa = PBXBuildFile; fileRef = 1782C96124EA6335008FE4CC /* FormListController.swift */; };
		1782C96B24EAA830008FE4CC /* UserListController.swift in Sources */ = {isa = PBXBuildFile; fileRef = 1782C96A24EAA830008FE4CC /* UserListController.swift */; };
		1782C96D24EAA90E008FE4CC /* UserCell.swift in Sources */ = {isa = PBXBuildFile; fileRef = 1782C96C24EAA90E008FE4CC /* UserCell.swift */; };
		1782C98324EB7445008FE4CC /* Stevia+FlexibleMargin.swift in Sources */ = {isa = PBXBuildFile; fileRef = 1782C97024EB7444008FE4CC /* Stevia+FlexibleMargin.swift */; };
		1782C98424EB7445008FE4CC /* Stevia+Operators.swift in Sources */ = {isa = PBXBuildFile; fileRef = 1782C97124EB7444008FE4CC /* Stevia+Operators.swift */; };
		1782C98524EB7445008FE4CC /* Stevia+Center.swift in Sources */ = {isa = PBXBuildFile; fileRef = 1782C97224EB7444008FE4CC /* Stevia+Center.swift */; };
		1782C98624EB7445008FE4CC /* Stevia+Size.swift in Sources */ = {isa = PBXBuildFile; fileRef = 1782C97324EB7444008FE4CC /* Stevia+Size.swift */; };
		1782C98724EB7445008FE4CC /* Stevia+LayoutAnchors.swift in Sources */ = {isa = PBXBuildFile; fileRef = 1782C97424EB7444008FE4CC /* Stevia+LayoutAnchors.swift */; };
		1782C98824EB7445008FE4CC /* Stevia+Notifications.swift in Sources */ = {isa = PBXBuildFile; fileRef = 1782C97524EB7444008FE4CC /* Stevia+Notifications.swift */; };
		1782C98924EB7445008FE4CC /* Stevia+Baselines.swift in Sources */ = {isa = PBXBuildFile; fileRef = 1782C97624EB7444008FE4CC /* Stevia+Baselines.swift */; };
		1782C98A24EB7445008FE4CC /* Stevia+Equation.swift in Sources */ = {isa = PBXBuildFile; fileRef = 1782C97724EB7444008FE4CC /* Stevia+Equation.swift */; };
		1782C98B24EB7445008FE4CC /* Stevia+Position.swift in Sources */ = {isa = PBXBuildFile; fileRef = 1782C97824EB7444008FE4CC /* Stevia+Position.swift */; };
		1782C98C24EB7445008FE4CC /* Stevia+Fill.swift in Sources */ = {isa = PBXBuildFile; fileRef = 1782C97924EB7444008FE4CC /* Stevia+Fill.swift */; };
		1782C98D24EB7445008FE4CC /* Stevia+Constraints.swift in Sources */ = {isa = PBXBuildFile; fileRef = 1782C97A24EB7445008FE4CC /* Stevia+Constraints.swift */; };
		1782C98E24EB7445008FE4CC /* Stevia+Stacks.swift in Sources */ = {isa = PBXBuildFile; fileRef = 1782C97B24EB7445008FE4CC /* Stevia+Stacks.swift */; };
		1782C98F24EB7445008FE4CC /* Stevia+Hierarchy.swift in Sources */ = {isa = PBXBuildFile; fileRef = 1782C97C24EB7445008FE4CC /* Stevia+Hierarchy.swift */; };
		1782C99024EB7445008FE4CC /* Stevia+GetConstraint.swift in Sources */ = {isa = PBXBuildFile; fileRef = 1782C97D24EB7445008FE4CC /* Stevia+GetConstraint.swift */; };
		1782C99124EB7445008FE4CC /* Stevia+Alignment.swift in Sources */ = {isa = PBXBuildFile; fileRef = 1782C97E24EB7445008FE4CC /* Stevia+Alignment.swift */; };
		1782C99224EB7445008FE4CC /* Stevia+Style.swift in Sources */ = {isa = PBXBuildFile; fileRef = 1782C97F24EB7445008FE4CC /* Stevia+Style.swift */; };
		1782C99324EB7445008FE4CC /* Stevia+DoubleDash.swift in Sources */ = {isa = PBXBuildFile; fileRef = 1782C98024EB7445008FE4CC /* Stevia+DoubleDash.swift */; };
		1782C99424EB7445008FE4CC /* Stevia+Content.swift in Sources */ = {isa = PBXBuildFile; fileRef = 1782C98124EB7445008FE4CC /* Stevia+Content.swift */; };
		1782C99524EB7445008FE4CC /* Stevia+Percentage.swift in Sources */ = {isa = PBXBuildFile; fileRef = 1782C98224EB7445008FE4CC /* Stevia+Percentage.swift */; };
		1782C9A524EB779D008FE4CC /* ESRefreshProtocol.swift in Sources */ = {isa = PBXBuildFile; fileRef = 1782C99724EB779C008FE4CC /* ESRefreshProtocol.swift */; };
		1782C9A624EB779D008FE4CC /* ESPullToRefresh.swift in Sources */ = {isa = PBXBuildFile; fileRef = 1782C99824EB779C008FE4CC /* ESPullToRefresh.swift */; };
		1782C9A724EB779D008FE4CC /* ES.swift in Sources */ = {isa = PBXBuildFile; fileRef = 1782C99924EB779C008FE4CC /* ES.swift */; };
		1782C9A824EB779D008FE4CC /* Localizable.strings in Resources */ = {isa = PBXBuildFile; fileRef = 1782C99B24EB779C008FE4CC /* Localizable.strings */; };
		1782C9A924EB779D008FE4CC /* ESRefreshHeaderAnimator.swift in Sources */ = {isa = PBXBuildFile; fileRef = 1782C99F24EB779C008FE4CC /* ESRefreshHeaderAnimator.swift */; };
		1782C9AA24EB779D008FE4CC /* icon_pull_to_refresh_arrow@2x.png in Resources */ = {isa = PBXBuildFile; fileRef = 1782C9A024EB779C008FE4CC /* icon_pull_to_refresh_arrow@2x.png */; };
		1782C9AB24EB779D008FE4CC /* ESRefreshFooterAnimator.swift in Sources */ = {isa = PBXBuildFile; fileRef = 1782C9A124EB779C008FE4CC /* ESRefreshFooterAnimator.swift */; };
		1782C9AC24EB779D008FE4CC /* ESPullToRefresh+Manager.swift in Sources */ = {isa = PBXBuildFile; fileRef = 1782C9A224EB779C008FE4CC /* ESPullToRefresh+Manager.swift */; };
		1782C9AD24EB779D008FE4CC /* ESRefreshAnimator.swift in Sources */ = {isa = PBXBuildFile; fileRef = 1782C9A324EB779C008FE4CC /* ESRefreshAnimator.swift */; };
		1782C9AE24EB779D008FE4CC /* ESRefreshComponent.swift in Sources */ = {isa = PBXBuildFile; fileRef = 1782C9A424EB779D008FE4CC /* ESRefreshComponent.swift */; };
		1782C9B324EBB0BB008FE4CC /* ObjCTestController.m in Sources */ = {isa = PBXBuildFile; fileRef = 1782C9B224EBB0BB008FE4CC /* ObjCTestController.m */; };
		7377F0024980E316A2D3F686 /* Pods_EasyListViewExample.framework in Frameworks */ = {isa = PBXBuildFile; fileRef = 2A819D9BD340487735560486 /* Pods_EasyListViewExample.framework */; };
/* End PBXBuildFile section */

/* Begin PBXFileReference section */
		171D6E9A24922D0E001FF205 /* EasyListViewExample.app */ = {isa = PBXFileReference; explicitFileType = wrapper.application; includeInIndex = 0; path = EasyListViewExample.app; sourceTree = BUILT_PRODUCTS_DIR; };
		171D6E9D24922D0E001FF205 /* AppDelegate.swift */ = {isa = PBXFileReference; lastKnownFileType = sourcecode.swift; path = AppDelegate.swift; sourceTree = "<group>"; };
		171D6EA424922D0E001FF205 /* Base */ = {isa = PBXFileReference; lastKnownFileType = file.storyboard; name = Base; path = Base.lproj/Main.storyboard; sourceTree = "<group>"; };
		171D6EA624922D12001FF205 /* Assets.xcassets */ = {isa = PBXFileReference; lastKnownFileType = folder.assetcatalog; path = Assets.xcassets; sourceTree = "<group>"; };
		171D6EA924922D12001FF205 /* Base */ = {isa = PBXFileReference; lastKnownFileType = file.storyboard; name = Base; path = Base.lproj/LaunchScreen.storyboard; sourceTree = "<group>"; };
		171D6EAB24922D12001FF205 /* Info.plist */ = {isa = PBXFileReference; lastKnownFileType = text.plist.xml; path = Info.plist; sourceTree = "<group>"; };
		176D9E8924DE86A8004972E9 /* EasyListViewExample-Bridging-Header.h */ = {isa = PBXFileReference; lastKnownFileType = sourcecode.c.h; path = "EasyListViewExample-Bridging-Header.h"; sourceTree = "<group>"; };
		1782C95624EA2BF9008FE4CC /* MainViewController.swift */ = {isa = PBXFileReference; lastKnownFileType = sourcecode.swift; path = MainViewController.swift; sourceTree = "<group>"; };
		1782C95F24EA56C8008FE4CC /* EasyListCell.swift */ = {isa = PBXFileReference; lastKnownFileType = sourcecode.swift; path = EasyListCell.swift; sourceTree = "<group>"; };
		1782C96124EA6335008FE4CC /* FormListController.swift */ = {isa = PBXFileReference; lastKnownFileType = sourcecode.swift; path = FormListController.swift; sourceTree = "<group>"; };
		1782C96A24EAA830008FE4CC /* UserListController.swift */ = {isa = PBXFileReference; lastKnownFileType = sourcecode.swift; path = UserListController.swift; sourceTree = "<group>"; };
		1782C96C24EAA90E008FE4CC /* UserCell.swift */ = {isa = PBXFileReference; lastKnownFileType = sourcecode.swift; path = UserCell.swift; sourceTree = "<group>"; };
		1782C97024EB7444008FE4CC /* Stevia+FlexibleMargin.swift */ = {isa = PBXFileReference; fileEncoding = 4; lastKnownFileType = sourcecode.swift; path = "Stevia+FlexibleMargin.swift"; sourceTree = "<group>"; };
		1782C97124EB7444008FE4CC /* Stevia+Operators.swift */ = {isa = PBXFileReference; fileEncoding = 4; lastKnownFileType = sourcecode.swift; path = "Stevia+Operators.swift"; sourceTree = "<group>"; };
		1782C97224EB7444008FE4CC /* Stevia+Center.swift */ = {isa = PBXFileReference; fileEncoding = 4; lastKnownFileType = sourcecode.swift; path = "Stevia+Center.swift"; sourceTree = "<group>"; };
		1782C97324EB7444008FE4CC /* Stevia+Size.swift */ = {isa = PBXFileReference; fileEncoding = 4; lastKnownFileType = sourcecode.swift; path = "Stevia+Size.swift"; sourceTree = "<group>"; };
		1782C97424EB7444008FE4CC /* Stevia+LayoutAnchors.swift */ = {isa = PBXFileReference; fileEncoding = 4; lastKnownFileType = sourcecode.swift; path = "Stevia+LayoutAnchors.swift"; sourceTree = "<group>"; };
		1782C97524EB7444008FE4CC /* Stevia+Notifications.swift */ = {isa = PBXFileReference; fileEncoding = 4; lastKnownFileType = sourcecode.swift; path = "Stevia+Notifications.swift"; sourceTree = "<group>"; };
		1782C97624EB7444008FE4CC /* Stevia+Baselines.swift */ = {isa = PBXFileReference; fileEncoding = 4; lastKnownFileType = sourcecode.swift; path = "Stevia+Baselines.swift"; sourceTree = "<group>"; };
		1782C97724EB7444008FE4CC /* Stevia+Equation.swift */ = {isa = PBXFileReference; fileEncoding = 4; lastKnownFileType = sourcecode.swift; path = "Stevia+Equation.swift"; sourceTree = "<group>"; };
		1782C97824EB7444008FE4CC /* Stevia+Position.swift */ = {isa = PBXFileReference; fileEncoding = 4; lastKnownFileType = sourcecode.swift; path = "Stevia+Position.swift"; sourceTree = "<group>"; };
		1782C97924EB7444008FE4CC /* Stevia+Fill.swift */ = {isa = PBXFileReference; fileEncoding = 4; lastKnownFileType = sourcecode.swift; path = "Stevia+Fill.swift"; sourceTree = "<group>"; };
		1782C97A24EB7445008FE4CC /* Stevia+Constraints.swift */ = {isa = PBXFileReference; fileEncoding = 4; lastKnownFileType = sourcecode.swift; path = "Stevia+Constraints.swift"; sourceTree = "<group>"; };
		1782C97B24EB7445008FE4CC /* Stevia+Stacks.swift */ = {isa = PBXFileReference; fileEncoding = 4; lastKnownFileType = sourcecode.swift; path = "Stevia+Stacks.swift"; sourceTree = "<group>"; };
		1782C97C24EB7445008FE4CC /* Stevia+Hierarchy.swift */ = {isa = PBXFileReference; fileEncoding = 4; lastKnownFileType = sourcecode.swift; path = "Stevia+Hierarchy.swift"; sourceTree = "<group>"; };
		1782C97D24EB7445008FE4CC /* Stevia+GetConstraint.swift */ = {isa = PBXFileReference; fileEncoding = 4; lastKnownFileType = sourcecode.swift; path = "Stevia+GetConstraint.swift"; sourceTree = "<group>"; };
		1782C97E24EB7445008FE4CC /* Stevia+Alignment.swift */ = {isa = PBXFileReference; fileEncoding = 4; lastKnownFileType = sourcecode.swift; path = "Stevia+Alignment.swift"; sourceTree = "<group>"; };
		1782C97F24EB7445008FE4CC /* Stevia+Style.swift */ = {isa = PBXFileReference; fileEncoding = 4; lastKnownFileType = sourcecode.swift; path = "Stevia+Style.swift"; sourceTree = "<group>"; };
		1782C98024EB7445008FE4CC /* Stevia+DoubleDash.swift */ = {isa = PBXFileReference; fileEncoding = 4; lastKnownFileType = sourcecode.swift; path = "Stevia+DoubleDash.swift"; sourceTree = "<group>"; };
		1782C98124EB7445008FE4CC /* Stevia+Content.swift */ = {isa = PBXFileReference; fileEncoding = 4; lastKnownFileType = sourcecode.swift; path = "Stevia+Content.swift"; sourceTree = "<group>"; };
		1782C98224EB7445008FE4CC /* Stevia+Percentage.swift */ = {isa = PBXFileReference; fileEncoding = 4; lastKnownFileType = sourcecode.swift; path = "Stevia+Percentage.swift"; sourceTree = "<group>"; };
		1782C99724EB779C008FE4CC /* ESRefreshProtocol.swift */ = {isa = PBXFileReference; fileEncoding = 4; lastKnownFileType = sourcecode.swift; path = ESRefreshProtocol.swift; sourceTree = "<group>"; };
		1782C99824EB779C008FE4CC /* ESPullToRefresh.swift */ = {isa = PBXFileReference; fileEncoding = 4; lastKnownFileType = sourcecode.swift; path = ESPullToRefresh.swift; sourceTree = "<group>"; };
		1782C99924EB779C008FE4CC /* ES.swift */ = {isa = PBXFileReference; fileEncoding = 4; lastKnownFileType = sourcecode.swift; path = ES.swift; sourceTree = "<group>"; };
		1782C99C24EB779C008FE4CC /* zh-Hans */ = {isa = PBXFileReference; lastKnownFileType = text.plist.strings; name = "zh-Hans"; path = "zh-Hans.lproj/Localizable.strings"; sourceTree = "<group>"; };
		1782C99D24EB779C008FE4CC /* Base */ = {isa = PBXFileReference; lastKnownFileType = text.plist.strings; name = Base; path = Base.lproj/Localizable.strings; sourceTree = "<group>"; };
		1782C99E24EB779C008FE4CC /* zh-Hant */ = {isa = PBXFileReference; lastKnownFileType = text.plist.strings; name = "zh-Hant"; path = "zh-Hant.lproj/Localizable.strings"; sourceTree = "<group>"; };
		1782C99F24EB779C008FE4CC /* ESRefreshHeaderAnimator.swift */ = {isa = PBXFileReference; fileEncoding = 4; lastKnownFileType = sourcecode.swift; path = ESRefreshHeaderAnimator.swift; sourceTree = "<group>"; };
		1782C9A024EB779C008FE4CC /* icon_pull_to_refresh_arrow@2x.png */ = {isa = PBXFileReference; lastKnownFileType = image.png; path = "icon_pull_to_refresh_arrow@2x.png"; sourceTree = "<group>"; };
		1782C9A124EB779C008FE4CC /* ESRefreshFooterAnimator.swift */ = {isa = PBXFileReference; fileEncoding = 4; lastKnownFileType = sourcecode.swift; path = ESRefreshFooterAnimator.swift; sourceTree = "<group>"; };
		1782C9A224EB779C008FE4CC /* ESPullToRefresh+Manager.swift */ = {isa = PBXFileReference; fileEncoding = 4; lastKnownFileType = sourcecode.swift; path = "ESPullToRefresh+Manager.swift"; sourceTree = "<group>"; };
		1782C9A324EB779C008FE4CC /* ESRefreshAnimator.swift */ = {isa = PBXFileReference; fileEncoding = 4; lastKnownFileType = sourcecode.swift; path = ESRefreshAnimator.swift; sourceTree = "<group>"; };
		1782C9A424EB779D008FE4CC /* ESRefreshComponent.swift */ = {isa = PBXFileReference; fileEncoding = 4; lastKnownFileType = sourcecode.swift; path = ESRefreshComponent.swift; sourceTree = "<group>"; };
		1782C9B124EBB0BB008FE4CC /* ObjCTestController.h */ = {isa = PBXFileReference; lastKnownFileType = sourcecode.c.h; path = ObjCTestController.h; sourceTree = "<group>"; };
		1782C9B224EBB0BB008FE4CC /* ObjCTestController.m */ = {isa = PBXFileReference; lastKnownFileType = sourcecode.c.objc; path = ObjCTestController.m; sourceTree = "<group>"; };
		2A819D9BD340487735560486 /* Pods_EasyListViewExample.framework */ = {isa = PBXFileReference; explicitFileType = wrapper.framework; includeInIndex = 0; path = Pods_EasyListViewExample.framework; sourceTree = BUILT_PRODUCTS_DIR; };
		2D7887A13346B92916E9F38C /* Pods-EasyListViewExample.release.xcconfig */ = {isa = PBXFileReference; includeInIndex = 1; lastKnownFileType = text.xcconfig; name = "Pods-EasyListViewExample.release.xcconfig"; path = "Target Support Files/Pods-EasyListViewExample/Pods-EasyListViewExample.release.xcconfig"; sourceTree = "<group>"; };
		75C361A72832AA3274877450 /* Pods-EasyListViewExample.debug.xcconfig */ = {isa = PBXFileReference; includeInIndex = 1; lastKnownFileType = text.xcconfig; name = "Pods-EasyListViewExample.debug.xcconfig"; path = "Target Support Files/Pods-EasyListViewExample/Pods-EasyListViewExample.debug.xcconfig"; sourceTree = "<group>"; };
/* End PBXFileReference section */

/* Begin PBXFrameworksBuildPhase section */
		171D6E9724922D0E001FF205 /* Frameworks */ = {
			isa = PBXFrameworksBuildPhase;
			buildActionMask = 2147483647;
			files = (
				7377F0024980E316A2D3F686 /* Pods_EasyListViewExample.framework in Frameworks */,
			);
			runOnlyForDeploymentPostprocessing = 0;
		};
/* End PBXFrameworksBuildPhase section */

/* Begin PBXGroup section */
		171D6E9124922D0E001FF205 = {
			isa = PBXGroup;
			children = (
				171D6E9C24922D0E001FF205 /* EasyListViewExample */,
				171D6E9B24922D0E001FF205 /* Products */,
				8CA7CD663B621E5C9B20A29D /* Pods */,
				ABDF0276DF1052BB1F8CECDA /* Frameworks */,
			);
			sourceTree = "<group>";
		};
		171D6E9B24922D0E001FF205 /* Products */ = {
			isa = PBXGroup;
			children = (
				171D6E9A24922D0E001FF205 /* EasyListViewExample.app */,
			);
			name = Products;
			sourceTree = "<group>";
		};
		171D6E9C24922D0E001FF205 /* EasyListViewExample */ = {
			isa = PBXGroup;
			children = (
				1782C95524EA29FA008FE4CC /* Main */,
				1782C95824EA2CE3008FE4CC /* Demo1 */,
				1782C96324EA6AE9008FE4CC /* Demo2 */,
				1782C96E24EB732E008FE4CC /* Vendor */,
				171D6E9D24922D0E001FF205 /* AppDelegate.swift */,
				171D6EA324922D0E001FF205 /* Main.storyboard */,
				171D6EA624922D12001FF205 /* Assets.xcassets */,
				171D6EA824922D12001FF205 /* LaunchScreen.storyboard */,
				171D6EAB24922D12001FF205 /* Info.plist */,
				176D9E8924DE86A8004972E9 /* EasyListViewExample-Bridging-Header.h */,
			);
			path = EasyListViewExample;
			sourceTree = "<group>";
		};
		1782C95524EA29FA008FE4CC /* Main */ = {
			isa = PBXGroup;
			children = (
				1782C95624EA2BF9008FE4CC /* MainViewController.swift */,
				1782C95F24EA56C8008FE4CC /* EasyListCell.swift */,
				1782C9B124EBB0BB008FE4CC /* ObjCTestController.h */,
				1782C9B224EBB0BB008FE4CC /* ObjCTestController.m */,
			);
			path = Main;
			sourceTree = "<group>";
		};
		1782C95824EA2CE3008FE4CC /* Demo1 */ = {
			isa = PBXGroup;
			children = (
				1782C96124EA6335008FE4CC /* FormListController.swift */,
			);
			path = Demo1;
			sourceTree = "<group>";
		};
		1782C96324EA6AE9008FE4CC /* Demo2 */ = {
			isa = PBXGroup;
			children = (
				1782C96A24EAA830008FE4CC /* UserListController.swift */,
				1782C96C24EAA90E008FE4CC /* UserCell.swift */,
			);
			path = Demo2;
			sourceTree = "<group>";
		};
		1782C96E24EB732E008FE4CC /* Vendor */ = {
			isa = PBXGroup;
			children = (
				1782C99624EB7792008FE4CC /* ESPullToRefresh */,
				1782C96F24EB7432008FE4CC /* Stevia */,
			);
			path = Vendor;
			sourceTree = "<group>";
		};
		1782C96F24EB7432008FE4CC /* Stevia */ = {
			isa = PBXGroup;
			children = (
				1782C97E24EB7445008FE4CC /* Stevia+Alignment.swift */,
				1782C97624EB7444008FE4CC /* Stevia+Baselines.swift */,
				1782C97224EB7444008FE4CC /* Stevia+Center.swift */,
				1782C97A24EB7445008FE4CC /* Stevia+Constraints.swift */,
				1782C98124EB7445008FE4CC /* Stevia+Content.swift */,
				1782C98024EB7445008FE4CC /* Stevia+DoubleDash.swift */,
				1782C97724EB7444008FE4CC /* Stevia+Equation.swift */,
				1782C97924EB7444008FE4CC /* Stevia+Fill.swift */,
				1782C97024EB7444008FE4CC /* Stevia+FlexibleMargin.swift */,
				1782C97D24EB7445008FE4CC /* Stevia+GetConstraint.swift */,
				1782C97C24EB7445008FE4CC /* Stevia+Hierarchy.swift */,
				1782C97424EB7444008FE4CC /* Stevia+LayoutAnchors.swift */,
				1782C97524EB7444008FE4CC /* Stevia+Notifications.swift */,
				1782C97124EB7444008FE4CC /* Stevia+Operators.swift */,
				1782C98224EB7445008FE4CC /* Stevia+Percentage.swift */,
				1782C97824EB7444008FE4CC /* Stevia+Position.swift */,
				1782C97324EB7444008FE4CC /* Stevia+Size.swift */,
				1782C97B24EB7445008FE4CC /* Stevia+Stacks.swift */,
				1782C97F24EB7445008FE4CC /* Stevia+Style.swift */,
			);
			path = Stevia;
			sourceTree = "<group>";
		};
		1782C99624EB7792008FE4CC /* ESPullToRefresh */ = {
			isa = PBXGroup;
			children = (
				1782C99A24EB779C008FE4CC /* Animator */,
				1782C99924EB779C008FE4CC /* ES.swift */,
				1782C99824EB779C008FE4CC /* ESPullToRefresh.swift */,
				1782C9A224EB779C008FE4CC /* ESPullToRefresh+Manager.swift */,
				1782C9A324EB779C008FE4CC /* ESRefreshAnimator.swift */,
				1782C9A424EB779D008FE4CC /* ESRefreshComponent.swift */,
				1782C99724EB779C008FE4CC /* ESRefreshProtocol.swift */,
			);
			path = ESPullToRefresh;
			sourceTree = "<group>";
		};
		1782C99A24EB779C008FE4CC /* Animator */ = {
			isa = PBXGroup;
			children = (
				1782C99B24EB779C008FE4CC /* Localizable.strings */,
				1782C99F24EB779C008FE4CC /* ESRefreshHeaderAnimator.swift */,
				1782C9A024EB779C008FE4CC /* icon_pull_to_refresh_arrow@2x.png */,
				1782C9A124EB779C008FE4CC /* ESRefreshFooterAnimator.swift */,
			);
			path = Animator;
			sourceTree = "<group>";
		};
		8CA7CD663B621E5C9B20A29D /* Pods */ = {
			isa = PBXGroup;
			children = (
				75C361A72832AA3274877450 /* Pods-EasyListViewExample.debug.xcconfig */,
				2D7887A13346B92916E9F38C /* Pods-EasyListViewExample.release.xcconfig */,
			);
			name = Pods;
			path = Pods;
			sourceTree = "<group>";
		};
		ABDF0276DF1052BB1F8CECDA /* Frameworks */ = {
			isa = PBXGroup;
			children = (
				2A819D9BD340487735560486 /* Pods_EasyListViewExample.framework */,
			);
			name = Frameworks;
			sourceTree = "<group>";
		};
/* End PBXGroup section */

/* Begin PBXNativeTarget section */
		171D6E9924922D0E001FF205 /* EasyListViewExample */ = {
			isa = PBXNativeTarget;
			buildConfigurationList = 171D6EAE24922D12001FF205 /* Build configuration list for PBXNativeTarget "EasyListViewExample" */;
			buildPhases = (
				A99264109D60D80689605202 /* [CP] Check Pods Manifest.lock */,
				171D6E9624922D0E001FF205 /* Sources */,
				171D6E9724922D0E001FF205 /* Frameworks */,
				171D6E9824922D0E001FF205 /* Resources */,
				9C2933B5F86CA194B3A787F7 /* [CP] Embed Pods Frameworks */,
			);
			buildRules = (
			);
			dependencies = (
			);
			name = EasyListViewExample;
			productName = EasyListViewExample;
			productReference = 171D6E9A24922D0E001FF205 /* EasyListViewExample.app */;
			productType = "com.apple.product-type.application";
		};
/* End PBXNativeTarget section */

/* Begin PBXProject section */
		171D6E9224922D0E001FF205 /* Project object */ = {
			isa = PBXProject;
			attributes = {
				LastSwiftUpdateCheck = 1150;
				LastUpgradeCheck = 1150;
				ORGANIZATIONNAME = carefree;
				TargetAttributes = {
					171D6E9924922D0E001FF205 = {
						CreatedOnToolsVersion = 11.5;
						LastSwiftMigration = 1150;
					};
				};
			};
			buildConfigurationList = 171D6E9524922D0E001FF205 /* Build configuration list for PBXProject "EasyListViewExample" */;
			compatibilityVersion = "Xcode 9.3";
			developmentRegion = en;
			hasScannedForEncodings = 0;
			knownRegions = (
				en,
				Base,
				"zh-Hans",
				"zh-Hant",
			);
			mainGroup = 171D6E9124922D0E001FF205;
			productRefGroup = 171D6E9B24922D0E001FF205 /* Products */;
			projectDirPath = "";
			projectRoot = "";
			targets = (
				171D6E9924922D0E001FF205 /* EasyListViewExample */,
			);
		};
/* End PBXProject section */

/* Begin PBXResourcesBuildPhase section */
		171D6E9824922D0E001FF205 /* Resources */ = {
			isa = PBXResourcesBuildPhase;
			buildActionMask = 2147483647;
			files = (
				1782C9AA24EB779D008FE4CC /* icon_pull_to_refresh_arrow@2x.png in Resources */,
				171D6EAA24922D12001FF205 /* LaunchScreen.storyboard in Resources */,
				1782C9A824EB779D008FE4CC /* Localizable.strings in Resources */,
				171D6EA724922D12001FF205 /* Assets.xcassets in Resources */,
				171D6EA524922D0E001FF205 /* Main.storyboard in Resources */,
			);
			runOnlyForDeploymentPostprocessing = 0;
		};
/* End PBXResourcesBuildPhase section */

/* Begin PBXShellScriptBuildPhase section */
		9C2933B5F86CA194B3A787F7 /* [CP] Embed Pods Frameworks */ = {
			isa = PBXShellScriptBuildPhase;
			buildActionMask = 2147483647;
			files = (
			);
			inputFileListPaths = (
				"${PODS_ROOT}/Target Support Files/Pods-EasyListViewExample/Pods-EasyListViewExample-frameworks-${CONFIGURATION}-input-files.xcfilelist",
			);
			name = "[CP] Embed Pods Frameworks";
			outputFileListPaths = (
				"${PODS_ROOT}/Target Support Files/Pods-EasyListViewExample/Pods-EasyListViewExample-frameworks-${CONFIGURATION}-output-files.xcfilelist",
			);
			runOnlyForDeploymentPostprocessing = 0;
			shellPath = /bin/sh;
			shellScript = "\"${PODS_ROOT}/Target Support Files/Pods-EasyListViewExample/Pods-EasyListViewExample-frameworks.sh\"\n";
			showEnvVarsInLog = 0;
		};
		A99264109D60D80689605202 /* [CP] Check Pods Manifest.lock */ = {
			isa = PBXShellScriptBuildPhase;
			buildActionMask = 2147483647;
			files = (
			);
			inputFileListPaths = (
			);
			inputPaths = (
				"${PODS_PODFILE_DIR_PATH}/Podfile.lock",
				"${PODS_ROOT}/Manifest.lock",
			);
			name = "[CP] Check Pods Manifest.lock";
			outputFileListPaths = (
			);
			outputPaths = (
				"$(DERIVED_FILE_DIR)/Pods-EasyListViewExample-checkManifestLockResult.txt",
			);
			runOnlyForDeploymentPostprocessing = 0;
			shellPath = /bin/sh;
			shellScript = "diff \"${PODS_PODFILE_DIR_PATH}/Podfile.lock\" \"${PODS_ROOT}/Manifest.lock\" > /dev/null\nif [ $? != 0 ] ; then\n    # print error to STDERR\n    echo \"error: The sandbox is not in sync with the Podfile.lock. Run 'pod install' or update your CocoaPods installation.\" >&2\n    exit 1\nfi\n# This output is used by Xcode 'outputs' to avoid re-running this script phase.\necho \"SUCCESS\" > \"${SCRIPT_OUTPUT_FILE_0}\"\n";
			showEnvVarsInLog = 0;
		};
/* End PBXShellScriptBuildPhase section */

/* Begin PBXSourcesBuildPhase section */
		171D6E9624922D0E001FF205 /* Sources */ = {
			isa = PBXSourcesBuildPhase;
			buildActionMask = 2147483647;
			files = (
				1782C98824EB7445008FE4CC /* Stevia+Notifications.swift in Sources */,
				1782C99124EB7445008FE4CC /* Stevia+Alignment.swift in Sources */,
				1782C98524EB7445008FE4CC /* Stevia+Center.swift in Sources */,
				1782C95724EA2BF9008FE4CC /* MainViewController.swift in Sources */,
				1782C98424EB7445008FE4CC /* Stevia+Operators.swift in Sources */,
				1782C9A924EB779D008FE4CC /* ESRefreshHeaderAnimator.swift in Sources */,
				1782C98D24EB7445008FE4CC /* Stevia+Constraints.swift in Sources */,
				1782C98624EB7445008FE4CC /* Stevia+Size.swift in Sources */,
				1782C99524EB7445008FE4CC /* Stevia+Percentage.swift in Sources */,
				1782C96224EA6335008FE4CC /* FormListController.swift in Sources */,
				1782C98924EB7445008FE4CC /* Stevia+Baselines.swift in Sources */,
				1782C98E24EB7445008FE4CC /* Stevia+Stacks.swift in Sources */,
				1782C99424EB7445008FE4CC /* Stevia+Content.swift in Sources */,
				1782C96024EA56C8008FE4CC /* EasyListCell.swift in Sources */,
				1782C9B324EBB0BB008FE4CC /* ObjCTestController.m in Sources */,
				1782C99024EB7445008FE4CC /* Stevia+GetConstraint.swift in Sources */,
				1782C9A524EB779D008FE4CC /* ESRefreshProtocol.swift in Sources */,
				1782C98724EB7445008FE4CC /* Stevia+LayoutAnchors.swift in Sources */,
				1782C98B24EB7445008FE4CC /* Stevia+Position.swift in Sources */,
				1782C98F24EB7445008FE4CC /* Stevia+Hierarchy.swift in Sources */,
				1782C98324EB7445008FE4CC /* Stevia+FlexibleMargin.swift in Sources */,
				1782C96B24EAA830008FE4CC /* UserListController.swift in Sources */,
				1782C9A624EB779D008FE4CC /* ESPullToRefresh.swift in Sources */,
				1782C9AD24EB779D008FE4CC /* ESRefreshAnimator.swift in Sources */,
				1782C99324EB7445008FE4CC /* Stevia+DoubleDash.swift in Sources */,
				171D6E9E24922D0E001FF205 /* AppDelegate.swift in Sources */,
				1782C9AB24EB779D008FE4CC /* ESRefreshFooterAnimator.swift in Sources */,
				1782C9AC24EB779D008FE4CC /* ESPullToRefresh+Manager.swift in Sources */,
				1782C9AE24EB779D008FE4CC /* ESRefreshComponent.swift in Sources */,
				1782C96D24EAA90E008FE4CC /* UserCell.swift in Sources */,
				1782C98C24EB7445008FE4CC /* Stevia+Fill.swift in Sources */,
				1782C99224EB7445008FE4CC /* Stevia+Style.swift in Sources */,
				1782C98A24EB7445008FE4CC /* Stevia+Equation.swift in Sources */,
				1782C9A724EB779D008FE4CC /* ES.swift in Sources */,
			);
			runOnlyForDeploymentPostprocessing = 0;
		};
/* End PBXSourcesBuildPhase section */

/* Begin PBXVariantGroup section */
		171D6EA324922D0E001FF205 /* Main.storyboard */ = {
			isa = PBXVariantGroup;
			children = (
				171D6EA424922D0E001FF205 /* Base */,
			);
			name = Main.storyboard;
			sourceTree = "<group>";
		};
		171D6EA824922D12001FF205 /* LaunchScreen.storyboard */ = {
			isa = PBXVariantGroup;
			children = (
				171D6EA924922D12001FF205 /* Base */,
			);
			name = LaunchScreen.storyboard;
			sourceTree = "<group>";
		};
		1782C99B24EB779C008FE4CC /* Localizable.strings */ = {
			isa = PBXVariantGroup;
			children = (
				1782C99C24EB779C008FE4CC /* zh-Hans */,
				1782C99D24EB779C008FE4CC /* Base */,
				1782C99E24EB779C008FE4CC /* zh-Hant */,
			);
			name = Localizable.strings;
			sourceTree = "<group>";
		};
/* End PBXVariantGroup section */

/* Begin XCBuildConfiguration section */
		171D6EAC24922D12001FF205 /* Debug */ = {
			isa = XCBuildConfiguration;
			buildSettings = {
				ALWAYS_SEARCH_USER_PATHS = NO;
				CLANG_ANALYZER_NONNULL = YES;
				CLANG_ANALYZER_NUMBER_OBJECT_CONVERSION = YES_AGGRESSIVE;
				CLANG_CXX_LANGUAGE_STANDARD = "gnu++14";
				CLANG_CXX_LIBRARY = "libc++";
				CLANG_ENABLE_MODULES = YES;
				CLANG_ENABLE_OBJC_ARC = YES;
				CLANG_ENABLE_OBJC_WEAK = YES;
				CLANG_WARN_BLOCK_CAPTURE_AUTORELEASING = YES;
				CLANG_WARN_BOOL_CONVERSION = YES;
				CLANG_WARN_COMMA = YES;
				CLANG_WARN_CONSTANT_CONVERSION = YES;
				CLANG_WARN_DEPRECATED_OBJC_IMPLEMENTATIONS = YES;
				CLANG_WARN_DIRECT_OBJC_ISA_USAGE = YES_ERROR;
				CLANG_WARN_DOCUMENTATION_COMMENTS = YES;
				CLANG_WARN_EMPTY_BODY = YES;
				CLANG_WARN_ENUM_CONVERSION = YES;
				CLANG_WARN_INFINITE_RECURSION = YES;
				CLANG_WARN_INT_CONVERSION = YES;
				CLANG_WARN_NON_LITERAL_NULL_CONVERSION = YES;
				CLANG_WARN_OBJC_IMPLICIT_RETAIN_SELF = YES;
				CLANG_WARN_OBJC_LITERAL_CONVERSION = YES;
				CLANG_WARN_OBJC_ROOT_CLASS = YES_ERROR;
				CLANG_WARN_RANGE_LOOP_ANALYSIS = YES;
				CLANG_WARN_STRICT_PROTOTYPES = YES;
				CLANG_WARN_SUSPICIOUS_MOVE = YES;
				CLANG_WARN_UNGUARDED_AVAILABILITY = YES_AGGRESSIVE;
				CLANG_WARN_UNREACHABLE_CODE = YES;
				CLANG_WARN__DUPLICATE_METHOD_MATCH = YES;
				COPY_PHASE_STRIP = NO;
				DEBUG_INFORMATION_FORMAT = dwarf;
				ENABLE_STRICT_OBJC_MSGSEND = YES;
				ENABLE_TESTABILITY = YES;
				GCC_C_LANGUAGE_STANDARD = gnu11;
				GCC_DYNAMIC_NO_PIC = NO;
				GCC_NO_COMMON_BLOCKS = YES;
				GCC_OPTIMIZATION_LEVEL = 0;
				GCC_PREPROCESSOR_DEFINITIONS = (
					"DEBUG=1",
					"$(inherited)",
				);
				GCC_WARN_64_TO_32_BIT_CONVERSION = YES;
				GCC_WARN_ABOUT_RETURN_TYPE = YES_ERROR;
				GCC_WARN_UNDECLARED_SELECTOR = YES;
				GCC_WARN_UNINITIALIZED_AUTOS = YES_AGGRESSIVE;
				GCC_WARN_UNUSED_FUNCTION = YES;
				GCC_WARN_UNUSED_VARIABLE = YES;
				IPHONEOS_DEPLOYMENT_TARGET = 13.5;
				MTL_ENABLE_DEBUG_INFO = INCLUDE_SOURCE;
				MTL_FAST_MATH = YES;
				ONLY_ACTIVE_ARCH = YES;
				SDKROOT = iphoneos;
				SWIFT_ACTIVE_COMPILATION_CONDITIONS = DEBUG;
				SWIFT_OPTIMIZATION_LEVEL = "-Onone";
			};
			name = Debug;
		};
		171D6EAD24922D12001FF205 /* Release */ = {
			isa = XCBuildConfiguration;
			buildSettings = {
				ALWAYS_SEARCH_USER_PATHS = NO;
				CLANG_ANALYZER_NONNULL = YES;
				CLANG_ANALYZER_NUMBER_OBJECT_CONVERSION = YES_AGGRESSIVE;
				CLANG_CXX_LANGUAGE_STANDARD = "gnu++14";
				CLANG_CXX_LIBRARY = "libc++";
				CLANG_ENABLE_MODULES = YES;
				CLANG_ENABLE_OBJC_ARC = YES;
				CLANG_ENABLE_OBJC_WEAK = YES;
				CLANG_WARN_BLOCK_CAPTURE_AUTORELEASING = YES;
				CLANG_WARN_BOOL_CONVERSION = YES;
				CLANG_WARN_COMMA = YES;
				CLANG_WARN_CONSTANT_CONVERSION = YES;
				CLANG_WARN_DEPRECATED_OBJC_IMPLEMENTATIONS = YES;
				CLANG_WARN_DIRECT_OBJC_ISA_USAGE = YES_ERROR;
				CLANG_WARN_DOCUMENTATION_COMMENTS = YES;
				CLANG_WARN_EMPTY_BODY = YES;
				CLANG_WARN_ENUM_CONVERSION = YES;
				CLANG_WARN_INFINITE_RECURSION = YES;
				CLANG_WARN_INT_CONVERSION = YES;
				CLANG_WARN_NON_LITERAL_NULL_CONVERSION = YES;
				CLANG_WARN_OBJC_IMPLICIT_RETAIN_SELF = YES;
				CLANG_WARN_OBJC_LITERAL_CONVERSION = YES;
				CLANG_WARN_OBJC_ROOT_CLASS = YES_ERROR;
				CLANG_WARN_RANGE_LOOP_ANALYSIS = YES;
				CLANG_WARN_STRICT_PROTOTYPES = YES;
				CLANG_WARN_SUSPICIOUS_MOVE = YES;
				CLANG_WARN_UNGUARDED_AVAILABILITY = YES_AGGRESSIVE;
				CLANG_WARN_UNREACHABLE_CODE = YES;
				CLANG_WARN__DUPLICATE_METHOD_MATCH = YES;
				COPY_PHASE_STRIP = NO;
				DEBUG_INFORMATION_FORMAT = "dwarf-with-dsym";
				ENABLE_NS_ASSERTIONS = NO;
				ENABLE_STRICT_OBJC_MSGSEND = YES;
				GCC_C_LANGUAGE_STANDARD = gnu11;
				GCC_NO_COMMON_BLOCKS = YES;
				GCC_WARN_64_TO_32_BIT_CONVERSION = YES;
				GCC_WARN_ABOUT_RETURN_TYPE = YES_ERROR;
				GCC_WARN_UNDECLARED_SELECTOR = YES;
				GCC_WARN_UNINITIALIZED_AUTOS = YES_AGGRESSIVE;
				GCC_WARN_UNUSED_FUNCTION = YES;
				GCC_WARN_UNUSED_VARIABLE = YES;
				IPHONEOS_DEPLOYMENT_TARGET = 13.5;
				MTL_ENABLE_DEBUG_INFO = NO;
				MTL_FAST_MATH = YES;
				SDKROOT = iphoneos;
				SWIFT_COMPILATION_MODE = wholemodule;
				SWIFT_OPTIMIZATION_LEVEL = "-O";
				VALIDATE_PRODUCT = YES;
			};
			name = Release;
		};
		171D6EAF24922D12001FF205 /* Debug */ = {
			isa = XCBuildConfiguration;
			baseConfigurationReference = 75C361A72832AA3274877450 /* Pods-EasyListViewExample.debug.xcconfig */;
			buildSettings = {
				ASSETCATALOG_COMPILER_APPICON_NAME = AppIcon;
				CLANG_ENABLE_MODULES = YES;
				CODE_SIGN_STYLE = Automatic;
				INFOPLIST_FILE = EasyListViewExample/Info.plist;
				IPHONEOS_DEPLOYMENT_TARGET = 9.0;
				LD_RUNPATH_SEARCH_PATHS = (
					"$(inherited)",
					"@executable_path/Frameworks",
				);
				PRODUCT_BUNDLE_IDENTIFIER = com.carefree.EasyListViewExample;
				PRODUCT_NAME = "$(TARGET_NAME)";
				SWIFT_OBJC_BRIDGING_HEADER = "EasyListViewExample/EasyListViewExample-Bridging-Header.h";
				SWIFT_OPTIMIZATION_LEVEL = "-Onone";
				SWIFT_VERSION = 5.0;
				TARGETED_DEVICE_FAMILY = "1,2";
			};
			name = Debug;
		};
		171D6EB024922D12001FF205 /* Release */ = {
			isa = XCBuildConfiguration;
			baseConfigurationReference = 2D7887A13346B92916E9F38C /* Pods-EasyListViewExample.release.xcconfig */;
			buildSettings = {
				ASSETCATALOG_COMPILER_APPICON_NAME = AppIcon;
				CLANG_ENABLE_MODULES = YES;
				CODE_SIGN_STYLE = Automatic;
				INFOPLIST_FILE = EasyListViewExample/Info.plist;
				IPHONEOS_DEPLOYMENT_TARGET = 9.0;
				LD_RUNPATH_SEARCH_PATHS = (
					"$(inherited)",
					"@executable_path/Frameworks",
				);
				PRODUCT_BUNDLE_IDENTIFIER = com.carefree.EasyListViewExample;
				PRODUCT_NAME = "$(TARGET_NAME)";
				SWIFT_OBJC_BRIDGING_HEADER = "EasyListViewExample/EasyListViewExample-Bridging-Header.h";
				SWIFT_VERSION = 5.0;
				TARGETED_DEVICE_FAMILY = "1,2";
			};
			name = Release;
		};
/* End XCBuildConfiguration section */

/* Begin XCConfigurationList section */
		171D6E9524922D0E001FF205 /* Build configuration list for PBXProject "EasyListViewExample" */ = {
			isa = XCConfigurationList;
			buildConfigurations = (
				171D6EAC24922D12001FF205 /* Debug */,
				171D6EAD24922D12001FF205 /* Release */,
			);
			defaultConfigurationIsVisible = 0;
			defaultConfigurationName = Release;
		};
		171D6EAE24922D12001FF205 /* Build configuration list for PBXNativeTarget "EasyListViewExample" */ = {
			isa = XCConfigurationList;
			buildConfigurations = (
				171D6EAF24922D12001FF205 /* Debug */,
				171D6EB024922D12001FF205 /* Release */,
			);
			defaultConfigurationIsVisible = 0;
			defaultConfigurationName = Release;
		};
/* End XCConfigurationList section */
	};
	rootObject = 171D6E9224922D0E001FF205 /* Project object */;
}
